Microsoft Visual Studio Solution File, Format Version 12.00
# Visual Studio Version 17
VisualStudioVersion = 17.5.2.0
MinimumVisualStudioVersion = 10.0.40219.1
Project("{2150E333-8FDC-42A3-9474-1A3956D46DE8}") = "APT", "APT", "{C0AAC2C9-4EF3-C4D4-D5B6-7E6DBC56B292}"
EndProject
Project("{FAE04EC0-301F-11D3-BF4B-00C04F79EFBC}") = "APT", "APT\APT\APT.csproj", "{D3AE9A9E-56A8-474D-EAB1-A74FAD0B0538}"
EndProject
Project("{FAE04EC0-301F-11D3-BF4B-00C04F79EFBC}") = "QLCCCC", "APT\APT\QLCCCC.csproj", "{A4249F3E-F049-E3BD-6A85-B634ABC73C40}"
EndProject
Global
	GlobalSection(SolutionConfigurationPlatforms) = preSolution
		Debug|Any CPU = Debug|Any CPU
		Release|Any CPU = Release|Any CPU
	EndGlobalSection
	GlobalSection(ProjectConfigurationPlatforms) = postSolution
		{D3AE9A9E-56A8-474D-EAB1-A74FAD0B0538}.Debug|Any CPU.ActiveCfg = Debug|Any CPU
		{D3AE9A9E-56A8-474D-EAB1-A74FAD0B0538}.Debug|Any CPU.Build.0 = Debug|Any CPU
		{D3AE9A9E-56A8-474D-EAB1-A74FAD0B0538}.Release|Any CPU.ActiveCfg = Release|Any CPU
		{D3AE9A9E-56A8-474D-EAB1-A74FAD0B0538}.Release|Any CPU.Build.0 = Release|Any CPU
		{A4249F3E-F049-E3BD-6A85-B634ABC73C40}.Debug|Any CPU.ActiveCfg = Debug|Any CPU
		{A4249F3E-F049-E3BD-6A85-B634ABC73C40}.Debug|Any CPU.Build.0 = Debug|Any CPU
		{A4249F3E-F049-E3BD-6A85-B634ABC73C40}.Release|Any CPU.ActiveCfg = Release|Any CPU
		{A4249F3E-F049-E3BD-6A85-B634ABC73C40}.Release|Any CPU.Build.0 = Release|Any CPU
	EndGlobalSection
	GlobalSection(SolutionProperties) = preSolution
		HideSolutionNode = FALSE
	EndGlobalSection
	GlobalSection(NestedProjects) = preSolution
		{D3AE9A9E-56A8-474D-EAB1-A74FAD0B0538} = {C0AAC2C9-4EF3-C4D4-D5B6-7E6DBC56B292}
		{A4249F3E-F049-E3BD-6A85-B634ABC73C40} = {C0AAC2C9-4EF3-C4D4-D5B6-7E6DBC56B292}
	EndGlobalSection
	GlobalSection(ExtensibilityGlobals) = postSolution
		SolutionGuid = {915180FF-4795-4D8F-B403-EF3F3878C93D}
	EndGlobalSection
EndGlobal
