Microsoft Visual Studio Solution File, Format Version 12.00
# Visual Studio Version 17
VisualStudioVersion = 17.5.2.0
MinimumVisualStudioVersion = 10.0.40219.1
Project("{FAE04EC0-301F-11D3-BF4B-00C04F79EFBC}") = "APT", "APT\APT.csproj", "{1B5BD31B-3608-A202-CDBC-5B68100B9DC7}"
EndProject
Project("{FAE04EC0-301F-11D3-BF4B-00C04F79EFBC}") = "QLCCCC", "APT\QLCCCC.csproj", "{04A85BD7-F65F-3C9C-4DF7-055FA4E7F97C}"
EndProject
Global
	GlobalSection(SolutionConfigurationPlatforms) = preSolution
		Debug|Any CPU = Debug|Any CPU
		Release|Any CPU = Release|Any CPU
	EndGlobalSection
	GlobalSection(ProjectConfigurationPlatforms) = postSolution
		{1B5BD31B-3608-A202-CDBC-5B68100B9DC7}.Debug|Any CPU.ActiveCfg = Debug|Any CPU
		{1B5BD31B-3608-A202-CDBC-5B68100B9DC7}.Debug|Any CPU.Build.0 = Debug|Any CPU
		{1B5BD31B-3608-A202-CDBC-5B68100B9DC7}.Release|Any CPU.ActiveCfg = Release|Any CPU
		{1B5BD31B-3608-A202-CDBC-5B68100B9DC7}.Release|Any CPU.Build.0 = Release|Any CPU
		{04A85BD7-F65F-3C9C-4DF7-055FA4E7F97C}.Debug|Any CPU.ActiveCfg = Debug|Any CPU
		{04A85BD7-F65F-3C9C-4DF7-055FA4E7F97C}.Debug|Any CPU.Build.0 = Debug|Any CPU
		{04A85BD7-F65F-3C9C-4DF7-055FA4E7F97C}.Release|Any CPU.ActiveCfg = Release|Any CPU
		{04A85BD7-F65F-3C9C-4DF7-055FA4E7F97C}.Release|Any CPU.Build.0 = Release|Any CPU
	EndGlobalSection
	GlobalSection(SolutionProperties) = preSolution
		HideSolutionNode = FALSE
	EndGlobalSection
	GlobalSection(ExtensibilityGlobals) = postSolution
		SolutionGuid = {905A1AA4-D348-4BFF-8161-CAA854EEDFA0}
	EndGlobalSection
EndGlobal
